
Microsoft Visual Studio Solution File, Format Version 12.00
# Visual Studio Version 16
VisualStudioVersion = 16.0.31321.278
MinimumVisualStudioVersion = 10.0.40219.1
Project("{9A19103F-16F7-4668-BE54-9A1E7A4F7556}") = "SwordsOfExileGame", "SwordsOfExileGame\SwordsOfExileGame.csproj", "{E0D498F4-83CF-406B-907D-EE9E1733E164}"
EndProject
Project("{FAE04EC0-301F-11D3-BF4B-00C04F79EFBC}") = "SoE Converter", "SoE Converter\SoE Converter.csproj", "{A3008328-6599-42CB-A9C2-EA5591203CF7}"
EndProject
Project("{FAE04EC0-301F-11D3-BF4B-00C04F79EFBC}") = "SoE Converter GUI", "SoE Converter GUI\SoE Converter GUI.csproj", "{60CB7D4C-03EF-4929-8F09-51EE01FC966A}"
EndProject
Global
	GlobalSection(SolutionConfigurationPlatforms) = preSolution
		Debug|Any CPU = Debug|Any CPU
		Debug|x86 = Debug|x86
		Release|Any CPU = Release|Any CPU
		Release|x86 = Release|x86
	EndGlobalSection
	GlobalSection(ProjectConfigurationPlatforms) = postSolution
		{E0D498F4-83CF-406B-907D-EE9E1733E164}.Debug|Any CPU.ActiveCfg = Debug|Any CPU
		{E0D498F4-83CF-406B-907D-EE9E1733E164}.Debug|Any CPU.Build.0 = Debug|Any CPU
		{E0D498F4-83CF-406B-907D-EE9E1733E164}.Debug|x86.ActiveCfg = Debug|Any CPU
		{E0D498F4-83CF-406B-907D-EE9E1733E164}.Debug|x86.Build.0 = Debug|Any CPU
		{E0D498F4-83CF-406B-907D-EE9E1733E164}.Release|Any CPU.ActiveCfg = Release|Any CPU
		{E0D498F4-83CF-406B-907D-EE9E1733E164}.Release|Any CPU.Build.0 = Release|Any CPU
		{E0D498F4-83CF-406B-907D-EE9E1733E164}.Release|x86.ActiveCfg = Release|Any CPU
		{E0D498F4-83CF-406B-907D-EE9E1733E164}.Release|x86.Build.0 = Release|Any CPU
		{A3008328-6599-42CB-A9C2-EA5591203CF7}.Debug|Any CPU.ActiveCfg = Debug|Any CPU
		{A3008328-6599-42CB-A9C2-EA5591203CF7}.Debug|Any CPU.Build.0 = Debug|Any CPU
		{A3008328-6599-42CB-A9C2-EA5591203CF7}.Debug|x86.ActiveCfg = Debug|Any CPU
		{A3008328-6599-42CB-A9C2-EA5591203CF7}.Debug|x86.Build.0 = Debug|Any CPU
		{A3008328-6599-42CB-A9C2-EA5591203CF7}.Release|Any CPU.ActiveCfg = Release|Any CPU
		{A3008328-6599-42CB-A9C2-EA5591203CF7}.Release|Any CPU.Build.0 = Release|Any CPU
		{A3008328-6599-42CB-A9C2-EA5591203CF7}.Release|x86.ActiveCfg = Release|Any CPU
		{A3008328-6599-42CB-A9C2-EA5591203CF7}.Release|x86.Build.0 = Release|Any CPU
		{60CB7D4C-03EF-4929-8F09-51EE01FC966A}.Debug|Any CPU.ActiveCfg = Debug|Any CPU
		{60CB7D4C-03EF-4929-8F09-51EE01FC966A}.Debug|Any CPU.Build.0 = Debug|Any CPU
		{60CB7D4C-03EF-4929-8F09-51EE01FC966A}.Debug|x86.ActiveCfg = Debug|Any CPU
		{60CB7D4C-03EF-4929-8F09-51EE01FC966A}.Debug|x86.Build.0 = Debug|Any CPU
		{60CB7D4C-03EF-4929-8F09-51EE01FC966A}.Release|Any CPU.ActiveCfg = Release|Any CPU
		{60CB7D4C-03EF-4929-8F09-51EE01FC966A}.Release|Any CPU.Build.0 = Release|Any CPU
		{60CB7D4C-03EF-4929-8F09-51EE01FC966A}.Release|x86.ActiveCfg = Release|Any CPU
		{60CB7D4C-03EF-4929-8F09-51EE01FC966A}.Release|x86.Build.0 = Release|Any CPU
	EndGlobalSection
	GlobalSection(SolutionProperties) = preSolution
		HideSolutionNode = FALSE
	EndGlobalSection
	GlobalSection(ExtensibilityGlobals) = postSolution
		SolutionGuid = {523F06DF-01A5-4651-9F01-526B7279D60D}
	EndGlobalSection
EndGlobal
